
Microsoft Visual Studio Solution File, Format Version 12.00
# Visual Studio Version 17
VisualStudioVersion = 17.9.34728.123
MinimumVisualStudioVersion = 10.0.40219.1
Project("{FAE04EC0-301F-11D3-BF4B-00C04F79EFBC}") = "TwoWindows", "TwoWindows.csproj", "{4181ECEC-1060-4069-85AB-E3ACBB29FAB9}"
EndProject
Global
	GlobalSection(SolutionConfigurationPlatforms) = preSolution
		Debug|Any CPU = Debug|Any CPU
		Release|Any CPU = Release|Any CPU
	EndGlobalSection
	GlobalSection(ProjectConfigurationPlatforms) = postSolution
		{4181ECEC-1060-4069-85AB-E3ACBB29FAB9}.Debug|Any CPU.ActiveCfg = Debug|Any CPU
		{4181ECEC-1060-4069-85AB-E3ACBB29FAB9}.Debug|Any CPU.Build.0 = Debug|Any CPU
		{4181ECEC-1060-4069-85AB-E3ACBB29FAB9}.Release|Any CPU.ActiveCfg = Release|Any CPU
		{4181ECEC-1060-4069-85AB-E3ACBB29FAB9}.Release|Any CPU.Build.0 = Release|Any CPU
	EndGlobalSection
	GlobalSection(SolutionProperties) = preSolution
		HideSolutionNode = FALSE
	EndGlobalSection
	GlobalSection(ExtensibilityGlobals) = postSolution
		SolutionGuid = {87EAA7A7-A35E-4F18-B208-DAD76630D4A6}
	EndGlobalSection
EndGlobal
