
Microsoft Visual Studio Solution File, Format Version 12.00
# Visual Studio Version 17
VisualStudioVersion = 17.5.002.0
MinimumVisualStudioVersion = 10.0.40219.1
Project("{9A19103F-16F7-4668-BE54-9A1E7A4F7556}") = "FileManager", "FileManager.csproj", "{E7A39CEA-864F-4887-9231-98B3F59C45C6}"
EndProject
Global
	GlobalSection(SolutionConfigurationPlatforms) = preSolution
		Debug|Any CPU = Debug|Any CPU
		Release|Any CPU = Release|Any CPU
	EndGlobalSection
	GlobalSection(ProjectConfigurationPlatforms) = postSolution
		{E7A39CEA-864F-4887-9231-98B3F59C45C6}.Debug|Any CPU.ActiveCfg = Debug|Any CPU
		{E7A39CEA-864F-4887-9231-98B3F59C45C6}.Debug|Any CPU.Build.0 = Debug|Any CPU
		{E7A39CEA-864F-4887-9231-98B3F59C45C6}.Release|Any CPU.ActiveCfg = Release|Any CPU
		{E7A39CEA-864F-4887-9231-98B3F59C45C6}.Release|Any CPU.Build.0 = Release|Any CPU
	EndGlobalSection
	GlobalSection(SolutionProperties) = preSolution
		HideSolutionNode = FALSE
	EndGlobalSection
	GlobalSection(ExtensibilityGlobals) = postSolution
		SolutionGuid = {775E03EB-1CE4-496B-BCC3-676008C94D35}
	EndGlobalSection
EndGlobal
